<?xml version="1.0" encoding="utf-8"?>
<Project ToolsVersion="4.0" xmlns="http://schemas.microsoft.com/developer/msbuild/2003">
  <ItemGroup>
    <Filter Include="Source Files">
      <UniqueIdentifier>{4FC737F1-C7A5-4376-A066-2A32D752A2FF}</UniqueIdentifier>
      <Extensions>cpp;c;cc;cxx;c++;cppm;ixx;def;odl;idl;hpj;bat;asm;asmx</Extensions>
    </Filter>
    <Filter Include="Header Files">
      <UniqueIdentifier>{93995380-89BD-4b04-88EB-625FBE52EBFB}</UniqueIdentifier>
      <Extensions>h;hh;hpp;hxx;h++;hm;inl;inc;ipp;xsd</Extensions>
    </Filter>
    <Filter Include="Resource Files">
      <UniqueIdentifier>{67DA6AB6-F800-4c08-8B7A-83BB121AAD01}</UniqueIdentifier>
      <Extensions>rc;ico;cur;bmp;dlg;rc2;rct;bin;rgs;gif;jpg;jpeg;jpe;resx;tiff;tif;png;wav;mfcribbon-ms</Extensions>
    </Filter>
  </ItemGroup>
  <ItemGroup>
    <ClCompile Include="..\..\123456\123456\bishop.cpp">
      <Filter>Source Files</Filter>
    </ClCompile>
    <ClCompile Include="..\..\123456\123456\board.cpp">
      <Filter>Source Files</Filter>
    </ClCompile>
    <ClCompile Include="..\..\copyofprojectchess-sem2\chess.cpp">
      <Filter>Source Files</Filter>
    </ClCompile>
    <ClCompile Include="..\..\copyofprojectchess-sem2\empty.cpp">
      <Filter>Source Files</Filter>
    </ClCompile>
    <ClCompile Include="..\..\copyofprojectchess-sem2\king.cpp">
      <Filter>Source Files</Filter>
    </ClCompile>
    <ClCompile Include="..\..\copyofprojectchess-sem2\knight.cpp">
      <Filter>Source Files</Filter>
    </ClCompile>
    <ClCompile Include="..\..\copyofprojectchess-sem2\Pawn.cpp">
      <Filter>Source Files</Filter>
    </ClCompile>
    <ClCompile Include="..\..\copyofprojectchess-sem2\piece.cpp">
      <Filter>Source Files</Filter>
    </ClCompile>
    <ClCompile Include="..\..\copyofprojectchess-sem2\player.cpp">
      <Filter>Source Files</Filter>
    </ClCompile>
    <ClCompile Include="..\..\copyofprojectchess-sem2\queen.cpp">
      <Filter>Source Files</Filter>
    </ClCompile>
    <ClCompile Include="..\..\copyofprojectchess-sem2\rook.cpp">
      <Filter>Source Files</Filter>
    </ClCompile>
    <ClCompile Include="..\..\copyofprojectchess-sem2\Source.cpp">
      <Filter>Source Files</Filter>
    </ClCompile>
    <ClCompile Include="..\..\copyofprojectchess-sem2\utility.cpp">
      <Filter>Source Files</Filter>
    </ClCompile>
  </ItemGroup>
  <ItemGroup>
    <ClInclude Include="..\..\123456\123456\bishop.h">
      <Filter>Source Files</Filter>
    </ClInclude>
    <ClInclude Include="..\..\123456\123456\board.h">
      <Filter>Source Files</Filter>
    </ClInclude>
    <ClInclude Include="..\..\copyofprojectchess-sem2\chess.h">
      <Filter>Source Files</Filter>
    </ClInclude>
    <ClInclude Include="..\..\copyofprojectchess-sem2\empty.h">
      <Filter>Source Files</Filter>
    </ClInclude>
    <ClInclude Include="..\..\copyofprojectchess-sem2\king.h">
      <Filter>Source Files</Filter>
    </ClInclude>
    <ClInclude Include="..\..\copyofprojectchess-sem2\knight.h">
      <Filter>Source Files</Filter>
    </ClInclude>
    <ClInclude Include="..\..\copyofprojectchess-sem2\Pawn.h">
      <Filter>Source Files</Filter>
    </ClInclude>
    <ClInclude Include="..\..\copyofprojectchess-sem2\piece.h">
      <Filter>Source Files</Filter>
    </ClInclude>
    <ClInclude Include="..\..\copyofprojectchess-sem2\player.h">
      <Filter>Source Files</Filter>
    </ClInclude>
    <ClInclude Include="..\..\copyofprojectchess-sem2\queen.h">
      <Filter>Source Files</Filter>
    </ClInclude>
    <ClInclude Include="..\..\copyofprojectchess-sem2\rook.h">
      <Filter>Source Files</Filter>
    </ClInclude>
    <ClInclude Include="..\..\copyofprojectchess-sem2\utility.h">
      <Filter>Source Files</Filter>
    </ClInclude>
  </ItemGroup>
  <ItemGroup>
    <Text Include="pieces.txt">
      <Filter>Source Files</Filter>
    </Text>
    <Text Include="piece.txt">
      <Filter>Source Files</Filter>
    </Text>
  </ItemGroup>
</Project>